
Microsoft Visual Studio Solution File, Format Version 12.00
# Visual Studio 15
VisualStudioVersion = 15.0.27428.2005
MinimumVisualStudioVersion = 10.0.40219.1
Project("{FAE04EC0-301F-11D3-BF4B-00C04F79EFBC}") = "MVCWebProject", "FirstProject\MVCWebProject.csproj", "{0FF5950F-BCA0-44FC-82F3-7059F10D117D}"
EndProject
Project("{FAE04EC0-301F-11D3-BF4B-00C04F79EFBC}") = "MVCWebProjectDAL", "MVCWebProjectDAL\MVCWebProjectDAL.csproj", "{7DD430E7-6DDB-480B-9EF6-69D1D6AF6FB2}"
EndProject
Global
	GlobalSection(SolutionConfigurationPlatforms) = preSolution
		Debug|Any CPU = Debug|Any CPU
		Release|Any CPU = Release|Any CPU
	EndGlobalSection
	GlobalSection(ProjectConfigurationPlatforms) = postSolution
		{0FF5950F-BCA0-44FC-82F3-7059F10D117D}.Debug|Any CPU.ActiveCfg = Debug|Any CPU
		{0FF5950F-BCA0-44FC-82F3-7059F10D117D}.Debug|Any CPU.Build.0 = Debug|Any CPU
		{0FF5950F-BCA0-44FC-82F3-7059F10D117D}.Release|Any CPU.ActiveCfg = Release|Any CPU
		{0FF5950F-BCA0-44FC-82F3-7059F10D117D}.Release|Any CPU.Build.0 = Release|Any CPU
		{7DD430E7-6DDB-480B-9EF6-69D1D6AF6FB2}.Debug|Any CPU.ActiveCfg = Debug|Any CPU
		{7DD430E7-6DDB-480B-9EF6-69D1D6AF6FB2}.Debug|Any CPU.Build.0 = Debug|Any CPU
		{7DD430E7-6DDB-480B-9EF6-69D1D6AF6FB2}.Release|Any CPU.ActiveCfg = Release|Any CPU
		{7DD430E7-6DDB-480B-9EF6-69D1D6AF6FB2}.Release|Any CPU.Build.0 = Release|Any CPU
	EndGlobalSection
	GlobalSection(SolutionProperties) = preSolution
		HideSolutionNode = FALSE
	EndGlobalSection
	GlobalSection(ExtensibilityGlobals) = postSolution
		SolutionGuid = {BA54BDC2-F9CE-4364-A1A4-1F2D6C1FF3F2}
	EndGlobalSection
EndGlobal
